
Microsoft Visual Studio Solution File, Format Version 12.00
# Visual Studio Version 16
VisualStudioVersion = 16.0.31402.337
MinimumVisualStudioVersion = 10.0.40219.1
Project("{FAE04EC0-301F-11D3-BF4B-00C04F79EFBC}") = "CSharp1DayDemo", "CSharp1DayDemo\CSharp1DayDemo.csproj", "{1FF80916-66C5-47E4-84E2-C95164309496}"
EndProject
Global
	GlobalSection(SolutionConfigurationPlatforms) = preSolution
		Debug|Any CPU = Debug|Any CPU
		Release|Any CPU = Release|Any CPU
	EndGlobalSection
	GlobalSection(ProjectConfigurationPlatforms) = postSolution
		{1FF80916-66C5-47E4-84E2-C95164309496}.Debug|Any CPU.ActiveCfg = Debug|Any CPU
		{1FF80916-66C5-47E4-84E2-C95164309496}.Debug|Any CPU.Build.0 = Debug|Any CPU
		{1FF80916-66C5-47E4-84E2-C95164309496}.Release|Any CPU.ActiveCfg = Release|Any CPU
		{1FF80916-66C5-47E4-84E2-C95164309496}.Release|Any CPU.Build.0 = Release|Any CPU
	EndGlobalSection
	GlobalSection(SolutionProperties) = preSolution
		HideSolutionNode = FALSE
	EndGlobalSection
	GlobalSection(ExtensibilityGlobals) = postSolution
		SolutionGuid = {B70C3EF6-27DD-49B9-86A0-3BB6E2A05789}
	EndGlobalSection
EndGlobal
